{
  "nodes": {
    "agenix": {
      "inputs": {
        "nixpkgs": [
          "nixpkgs"
        ]
      },
      "locked": {
        "lastModified": 1790734419,
        "narHash": "sha256-n7wew722m1OTBT9DOIMxNX/NF4zfsSUABAO5eW3wikE=",
        "owner": "ryantm",
        "repo": "agenix",
        "rev": "3daa710894355fa2fad8243380af373a2b4046ef",
        "type": "github"
      },
      "original": {
        "owner": "ryantm",
        "repo": "agenix",
        "type": "github"
      }
    },
    "agent-skills-nix": {
      "inputs": {
        "home-manager": [
          "home-manager"
        ],
        "nixpkgs": [
          "nixpkgs"
        ]
      },
      "locked": {
        "lastModified": 1779692292,
        "narHash": "sha256-1ttGc9LQxmlLz0GlSC629j7Avpp6FF6NqNXoxDZeYoA=",
        "owner": "Kyure-A",
        "repo": "agent-skills-nix",
        "rev": "db664effdb55aecfec2e761b66f459e8270c3520",
        "type": "github"
      },
      "original": {
        "owner": "Kyure-A",
        "repo": "agent-skills-nix",
        "type": "github"
      }
    },
    "bastionzero-tap": {
      "flake": false,
      "locked": {
        "lastModified": 1771871610,
        "narHash": "sha256-ukdbdP44RTAx/+q7L09VtD6tXFtwvRiLNDxQz4lweLQ=",
        "owner": "bastionzero",
        "repo": "homebrew-tap",
        "rev": "16321df6ddccd9a88eb6930ccb685d972e4d3c7a",
        "type": "github"
      },
      "original": {
        "owner": "bastionzero",
        "repo": "homebrew-tap",
        "type": "github"
      }
    },
    "brew-src": {
      "flake": false,
      "locked": {
        "lastModified": 1789661079,
        "narHash": "sha256-geVTQ51PGZ1mLULM5k7wO7qt/6xenOR/YG8X7Q3eCaI=",
        "owner": "Homebrew",
        "repo": "brew",
        "rev": "edb70f031e4170c780799633a1226ff73e1077f4",
        "type": "github"
      },
      "original": {
        "owner": "Homebrew",
        "ref": "7.0.4",
        "repo": "brew",
        "type": "github"
      }
    },
    "darwin": {
      "inputs": {
        "nixpkgs": [
          "nixpkgs"
        ]
      },
      "locked": {
        "lastModified": 1786845137,
        "narHash": "sha256-oQFip+v0luP8NIxJzmiW4Wu8bILsbFWom5l0zonl8hQ=",
        "owner": "LnL7",
        "repo": "nix-darwin",
        "rev": "4cff07de74b50e64bdd68cd4e722ab5b6b35ee48",
        "type": "github"
      },
      "original": {
        "owner": "LnL7",
        "ref": "master",
        "repo": "nix-darwin",
        "type": "github"
      }
    },
    "disko": {
      "inputs": {
        "nixpkgs": [
          "nixpkgs"
        ]
      },
      "locked": {
        "lastModified": 1789770686,
        "narHash": "sha256-uZkBR7yHdIKUFB5SZdfgh1qkGfI3XmYmI/lTiquxbck=",
        "owner": "nix-community",
        "repo": "disko",
        "rev": "725ea35e410ad83be4931d1bff7e090eacaf3563",
        "type": "github"
      },
      "original": {
        "owner": "nix-community",
        "repo": "disko",
        "type": "github"
      }
    },
    "fenix": {
      "inputs": {
        "nixpkgs": [
          "nixpkgs"
        ],
        "rust-analyzer-src": "rust-analyzer-src"
      },
      "locked": {
        "lastModified": 1790770476,
        "narHash": "sha256-2CIv62U8btqvKdOxdVdg/YcEo3xmaZ4YZYkMz7h4aWE=",
        "owner": "nix-community",
        "repo": "fenix",
        "rev": "6e19c92183ad63186319f51ff3fde8d860cc7020",
        "type": "github"
      },
      "original": {
        "owner": "nix-community",
        "repo": "fenix",
        "type": "github"
      }
    },
    "home-manager": {
      "inputs": {
        "nixpkgs": [
          "nixpkgs"
        ]
      },
      "locked": {
        "lastModified": 1790819692,
        "narHash": "sha256-rvubAPbh3QCliic3sAK+CXTrPCGgJstY52OTs/5H1J4=",
        "owner": "nix-community",
        "repo": "home-manager",
        "rev": "c8ecc29e5175452bee4a2aa1ba2383856d795338",
        "type": "github"
      },
      "original": {
        "owner": "nix-community",
        "repo": "home-manager",
        "type": "github"
      }
    },
    "homebrew-bundle": {
      "flake": false,
      "locked": {
        "lastModified": 1745335228,
        "narHash": "sha256-TIKR2UgtyUmHLNZp255/vLs+1I10hXe+sciMEbAGFwE=",
        "owner": "homebrew",
        "repo": "homebrew-bundle",
        "rev": "a3265c84b232e13048ecbf6fc18a2eedfadbeb08",
        "type": "github"
      },
      "original": {
        "owner": "homebrew",
        "repo": "homebrew-bundle",
        "type": "github"
      }
    },
    "homebrew-cask": {
      "flake": false,
      "locked": {
        "lastModified": 1790843702,
        "narHash": "sha256-HOvzovLexPBEswaD/K+OFdKLdF/Nd3YczsZTeRkn5+c=",
        "owner": "homebrew",
        "repo": "homebrew-cask",
        "rev": "39bde5cf139cdf0bae0dc3b03ba68e48e2eb06f9",
        "type": "github"
      },
      "original": {
        "owner": "homebrew",
        "repo": "homebrew-cask",
        "type": "github"
      }
    },
    "homebrew-core": {
      "flake": false,
      "locked": {
        "lastModified": 1790845576,
        "narHash": "sha256-juQue8wa9hRUnXGpMdvpuq72E8hvy0NHaTaoMKhtiuE=",
        "owner": "homebrew",
        "repo": "homebrew-core",
        "rev": "bf5da8241c580ea27f2b11d47ac20ff0069421ed",
        "type": "github"
      },
      "original": {
        "owner": "homebrew",
        "repo": "homebrew-core",
        "type": "github"
      }
    },
    "my-skills": {
      "locked": {
        "lastModified": 1778253792,
        "narHash": "sha256-3YiCRqTHshva0hrNZAk5aMzR8Xb0Vj7OjEtYWqWBHO0=",
        "owner": "parallaxisjones",
        "repo": "skills",
        "rev": "8cc71d3f832b6c9b75faa794a133f29707627b92",
        "type": "github"
      },
      "original": {
        "owner": "parallaxisjones",
        "repo": "skills",
        "type": "github"
      }
    },
    "nix-homebrew": {
      "inputs": {
        "brew-src": "brew-src"
      },
      "locked": {
        "lastModified": 1789928041,
        "narHash": "sha256-iV37ieTcE4ZLOYEe0VznW6dWMBe4lEL8AbK1vblyZGM=",
        "owner": "zhaofengli-wip",
        "repo": "nix-homebrew",
        "rev": "c11cccfdd36dd69b5323d70d354b2853379c2426",
        "type": "github"
      },
      "original": {
        "owner": "zhaofengli-wip",
        "repo": "nix-homebrew",
        "type": "github"
      }
    },
    "nixpkgs": {
      "locked": {
        "lastModified": 1790689126,
        "narHash": "sha256-ilerN1WLSvF+HMjziC/Wv99J5y02maDH+6hZPwsORKg=",
        "owner": "nixos",
        "repo": "nixpkgs",
        "rev": "b4fd65b198c599cbe814fcb9f42d25d021595ec9",
        "type": "github"
      },
      "original": {
        "owner": "nixos",
        "ref": "nixos-unstable",
        "repo": "nixpkgs",
        "type": "github"
      }
    },
    "root": {
      "inputs": {
        "agenix": "agenix",
        "agent-skills-nix": "agent-skills-nix",
        "bastionzero-tap": "bastionzero-tap",
        "darwin": "darwin",
        "disko": "disko",
        "fenix": "fenix",
        "home-manager": "home-manager",
        "homebrew-bundle": "homebrew-bundle",
        "homebrew-cask": "homebrew-cask",
        "homebrew-core": "homebrew-core",
        "my-skills": "my-skills",
        "nix-homebrew": "nix-homebrew",
        "nixpkgs": "nixpkgs",
        "secrets": "secrets",
        "tabularis-tap": "tabularis-tap"
      }
    },
    "rust-analyzer-src": {
      "flake": false,
      "locked": {
        "lastModified": 1790532271,
        "narHash": "sha256-j8y/AO3AMDF9p+11aIDhnA21JnNj5PjvcejTI43vI8Q=",
        "owner": "rust-lang",
        "repo": "rust-analyzer",
        "rev": "03fcb77246f2568adb0e9b2fa60d19c6cc1686f4",
        "type": "github"
      },
      "original": {
        "owner": "rust-lang",
        "ref": "nightly",
        "repo": "rust-analyzer",
        "type": "github"
      }
    },
    "secrets": {
      "flake": false,
      "locked": {
        "lastModified": 1780450122,
        "narHash": "sha256-jfCpF+xYRN8IRJ/8JZmNhyBVB20kp+zJ0iyMUU+Q8lw=",
        "ref": "refs/heads/main",
        "rev": "d696fa935f7c9488488db97e91a77130258b24ee",
        "revCount": 28,
        "type": "git",
        "url": "ssh://git@github.com/parallaxisjones/nix-secrets.git"
      },
      "original": {
        "type": "git",
        "url": "ssh://git@github.com/parallaxisjones/nix-secrets.git"
      }
    },
    "tabularis-tap": {
      "flake": false,
      "locked": {
        "lastModified": 1782898960,
        "narHash": "sha256-CocE/Fjmyes6xtf8zDofq3jLpI29v/BTuwCPJv8aVUU=",
        "owner": "TabularisDB",
        "repo": "homebrew-tabularis",
        "rev": "042c2e23596998ac22c09fdbf46eca01ffb19d7b",
        "type": "github"
      },
      "original": {
        "owner": "TabularisDB",
        "repo": "homebrew-tabularis",
        "type": "github"
      }
    }
  },
  "root": "root",
  "version": 7
}
